
Microsoft Visual Studio Solution File, Format Version 12.00
# Visual Studio Version 17
VisualStudioVersion = 17.11.35222.181
MinimumVisualStudioVersion = 10.0.40219.1
Project("{FAE04EC0-301F-11D3-BF4B-00C04F79EFBC}") = "Lab6-GUI", "Lab6\Lab6-GUI.csproj", "{C1E7819B-7D03-4C9E-967B-AFDEC05AC11E}"
EndProject
Project("{FAE04EC0-301F-11D3-BF4B-00C04F79EFBC}") = "lab6-BUS", "lab6-BUS\lab6-BUS.csproj", "{547BFFAD-6535-450D-BA25-3575D24988A9}"
EndProject
Project("{FAE04EC0-301F-11D3-BF4B-00C04F79EFBC}") = "lab6-DAL", "lab6-DAL\lab6-DAL.csproj", "{76EAF1E7-D10A-4078-AAD4-3869625727CC}"
EndProject
Global
	GlobalSection(SolutionConfigurationPlatforms) = preSolution
		Debug|Any CPU = Debug|Any CPU
		Release|Any CPU = Release|Any CPU
	EndGlobalSection
	GlobalSection(ProjectConfigurationPlatforms) = postSolution
		{C1E7819B-7D03-4C9E-967B-AFDEC05AC11E}.Debug|Any CPU.ActiveCfg = Debug|Any CPU
		{C1E7819B-7D03-4C9E-967B-AFDEC05AC11E}.Debug|Any CPU.Build.0 = Debug|Any CPU
		{C1E7819B-7D03-4C9E-967B-AFDEC05AC11E}.Release|Any CPU.ActiveCfg = Release|Any CPU
		{C1E7819B-7D03-4C9E-967B-AFDEC05AC11E}.Release|Any CPU.Build.0 = Release|Any CPU
		{547BFFAD-6535-450D-BA25-3575D24988A9}.Debug|Any CPU.ActiveCfg = Debug|Any CPU
		{547BFFAD-6535-450D-BA25-3575D24988A9}.Debug|Any CPU.Build.0 = Debug|Any CPU
		{547BFFAD-6535-450D-BA25-3575D24988A9}.Release|Any CPU.ActiveCfg = Release|Any CPU
		{547BFFAD-6535-450D-BA25-3575D24988A9}.Release|Any CPU.Build.0 = Release|Any CPU
		{76EAF1E7-D10A-4078-AAD4-3869625727CC}.Debug|Any CPU.ActiveCfg = Debug|Any CPU
		{76EAF1E7-D10A-4078-AAD4-3869625727CC}.Debug|Any CPU.Build.0 = Debug|Any CPU
		{76EAF1E7-D10A-4078-AAD4-3869625727CC}.Release|Any CPU.ActiveCfg = Release|Any CPU
		{76EAF1E7-D10A-4078-AAD4-3869625727CC}.Release|Any CPU.Build.0 = Release|Any CPU
	EndGlobalSection
	GlobalSection(SolutionProperties) = preSolution
		HideSolutionNode = FALSE
	EndGlobalSection
	GlobalSection(ExtensibilityGlobals) = postSolution
		SolutionGuid = {CDA28E48-94DB-48B6-BCDC-0FC7BDD060E9}
	EndGlobalSection
EndGlobal
